
Microsoft Visual Studio Solution File, Format Version 12.00
# Visual Studio Version 17
VisualStudioVersion = 17.4.33205.214
MinimumVisualStudioVersion = 10.0.40219.1
Project("{FAE04EC0-301F-11D3-BF4B-00C04F79EFBC}") = "Chunky", "Chunky.csproj", "{9BC73B90-DD9E-4DEB-BF92-1B6AACC9E6F2}"
EndProject
Global
	GlobalSection(SolutionConfigurationPlatforms) = preSolution
		Debug|Any CPU = Debug|Any CPU
		Release|Any CPU = Release|Any CPU
	EndGlobalSection
	GlobalSection(ProjectConfigurationPlatforms) = postSolution
		{9BC73B90-DD9E-4DEB-BF92-1B6AACC9E6F2}.Debug|Any CPU.ActiveCfg = Debug|Any CPU
		{9BC73B90-DD9E-4DEB-BF92-1B6AACC9E6F2}.Debug|Any CPU.Build.0 = Debug|Any CPU
		{9BC73B90-DD9E-4DEB-BF92-1B6AACC9E6F2}.Release|Any CPU.ActiveCfg = Release|Any CPU
		{9BC73B90-DD9E-4DEB-BF92-1B6AACC9E6F2}.Release|Any CPU.Build.0 = Release|Any CPU
	EndGlobalSection
	GlobalSection(SolutionProperties) = preSolution
		HideSolutionNode = FALSE
	EndGlobalSection
	GlobalSection(ExtensibilityGlobals) = postSolution
		SolutionGuid = {C8DF9C17-9993-4E48-8437-BBB5DDA23346}
	EndGlobalSection
EndGlobal
